{
  "R": {
    "Version": "4.5.2",
    "Repositories": [
      {
        "Name": "CRAN",
        "URL": "https://cloud.r-project.org"
      }
    ]
  },
  "Packages": {
    "Matrix": {
      "Package": "Matrix",
      "Version": "1.7-4",
      "Source": "Repository",
      "VersionNote": "do also bump src/version.h, inst/include/Matrix/version.h",
      "Date": "2025-08-27",
      "Priority": "recommended",
      "Title": "Sparse and Dense Matrix Classes and Methods",
      "Description": "A rich hierarchy of sparse and dense matrix classes, including general, symmetric, triangular, and diagonal matrices with numeric, logical, or pattern entries.  Efficient methods for operating on such matrices, often wrapping the 'BLAS', 'LAPACK', and 'SuiteSparse' libraries.",
      "License": "GPL (>= 2) | file LICENCE",
      "URL": "https://Matrix.R-forge.R-project.org",
      "BugReports": "https://R-forge.R-project.org/tracker/?atid=294&group_id=61",
      "Contact": "Matrix-authors@R-project.org",
      "Authors@R": "c(person(\"Douglas\", \"Bates\", role = \"aut\", comment = c(ORCID = \"0000-0001-8316-9503\")), person(\"Martin\", \"Maechler\", role = c(\"aut\", \"cre\"), email = \"mmaechler+Matrix@gmail.com\", comment = c(ORCID = \"0000-0002-8685-9910\")), person(\"Mikael\", \"Jagan\", role = \"aut\", comment = c(ORCID = \"0000-0002-3542-2938\")), person(\"Timothy A.\", \"Davis\", role = \"ctb\", comment = c(ORCID = \"0000-0001-7614-6899\", \"SuiteSparse libraries\", \"collaborators listed in dir(system.file(\\\"doc\\\", \\\"SuiteSparse\\\", package=\\\"Matrix\\\"), pattern=\\\"License\\\", full.names=TRUE, recursive=TRUE)\")), person(\"George\", \"Karypis\", role = \"ctb\", comment = c(ORCID = \"0000-0003-2753-1437\", \"METIS library\", \"Copyright: Regents of the University of Minnesota\")), person(\"Jason\", \"Riedy\", role = \"ctb\", comment = c(ORCID = \"0000-0002-4345-4200\", \"GNU Octave's condest() and onenormest()\", \"Copyright: Regents of the University of California\")), person(\"Jens\", \"Oehlschlägel\", role = \"ctb\", comment = \"initial nearPD()\"), person(\"R Core Team\", role = \"ctb\", comment = c(ROR = \"02zz1nj61\", \"base R's matrix implementation\")))",
      "Depends": [
        "R (>= 4.4)",
        "methods"
      ],
      "Imports": [
        "grDevices",
        "graphics",
        "grid",
        "lattice",
        "stats",
        "utils"
      ],
      "Suggests": [
        "MASS",
        "datasets",
        "sfsmisc",
        "tools"
      ],
      "Enhances": [
        "SparseM",
        "graph"
      ],
      "LazyData": "no",
      "LazyDataNote": "not possible, since we use data/*.R and our S4 classes",
      "BuildResaveData": "no",
      "Encoding": "UTF-8",
      "NeedsCompilation": "yes",
      "Author": "Douglas Bates [aut] (ORCID: <https://orcid.org/0000-0001-8316-9503>), Martin Maechler [aut, cre] (ORCID: <https://orcid.org/0000-0002-8685-9910>), Mikael Jagan [aut] (ORCID: <https://orcid.org/0000-0002-3542-2938>), Timothy A. Davis [ctb] (ORCID: <https://orcid.org/0000-0001-7614-6899>, SuiteSparse libraries, collaborators listed in dir(system.file(\"doc\", \"SuiteSparse\", package=\"Matrix\"), pattern=\"License\", full.names=TRUE, recursive=TRUE)), George Karypis [ctb] (ORCID: <https://orcid.org/0000-0003-2753-1437>, METIS library, Copyright: Regents of the University of Minnesota), Jason Riedy [ctb] (ORCID: <https://orcid.org/0000-0002-4345-4200>, GNU Octave's condest() and onenormest(), Copyright: Regents of the University of California), Jens Oehlschlägel [ctb] (initial nearPD()), R Core Team [ctb] (ROR: <https://ror.org/02zz1nj61>, base R's matrix implementation)",
      "Maintainer": "Martin Maechler <mmaechler+Matrix@gmail.com>",
      "Repository": "CRAN"
    },
    "Rcpp": {
      "Package": "Rcpp",
      "Version": "1.1.2",
      "Source": "Repository",
      "Title": "Seamless R and C++ Integration",
      "Date": "2026-07-01",
      "Authors@R": "c(person(\"Dirk\", \"Eddelbuettel\", role = c(\"aut\", \"cre\"), email = \"edd@debian.org\", comment = c(ORCID = \"0000-0001-6419-907X\")), person(\"Romain\", \"Francois\", role = \"aut\", comment = c(ORCID = \"0000-0002-2444-4226\")), person(\"JJ\", \"Allaire\", role = \"aut\", comment = c(ORCID = \"0000-0003-0174-9868\")), person(\"Kevin\", \"Ushey\", role = \"aut\", comment = c(ORCID = \"0000-0003-2880-7407\")), person(\"Qiang\", \"Kou\", role = \"aut\", comment = c(ORCID = \"0000-0001-6786-5453\")), person(\"Nathan\", \"Russell\", role = \"aut\"), person(\"Iñaki\", \"Ucar\", role = \"aut\", comment = c(ORCID = \"0000-0001-6403-5550\")), person(\"Doug\", \"Bates\", role = \"aut\", comment = c(ORCID = \"0000-0001-8316-9503\")), person(\"John\", \"Chambers\", role = \"aut\"))",
      "Description": "The 'Rcpp' package provides R functions as well as C++ classes which offer a seamless integration of R and C++. Many R data types and objects can be mapped back and forth to C++ equivalents which facilitates both writing of new code as well as easier integration of third-party libraries. Documentation about 'Rcpp' is provided by several vignettes included in this package, via the 'Rcpp Gallery' site at <https://gallery.rcpp.org>, the paper by Eddelbuettel and Francois (2011, <doi:10.18637/jss.v040.i08>), the book by Eddelbuettel (2013, <doi:10.1007/978-1-4614-6868-4>) and the paper by Eddelbuettel and Balamuta (2018, <doi:10.1080/00031305.2017.1375990>); see 'citation(\"Rcpp\")' for details.",
      "Depends": [
        "R (>= 3.5.0)"
      ],
      "Imports": [
        "methods",
        "utils"
      ],
      "Suggests": [
        "tinytest",
        "inline",
        "rbenchmark",
        "pkgKitten (>= 0.1.2)"
      ],
      "URL": "https://www.rcpp.org, https://dirk.eddelbuettel.com/code/rcpp.html, https://github.com/RcppCore/Rcpp",
      "License": "GPL (>= 2)",
      "BugReports": "https://github.com/RcppCore/Rcpp/issues",
      "RoxygenNote": "6.1.1",
      "Encoding": "UTF-8",
      "VignetteBuilder": "Rcpp",
      "NeedsCompilation": "yes",
      "Author": "Dirk Eddelbuettel [aut, cre] (ORCID: <https://orcid.org/0000-0001-6419-907X>), Romain Francois [aut] (ORCID: <https://orcid.org/0000-0002-2444-4226>), JJ Allaire [aut] (ORCID: <https://orcid.org/0000-0003-0174-9868>), Kevin Ushey [aut] (ORCID: <https://orcid.org/0000-0003-2880-7407>), Qiang Kou [aut] (ORCID: <https://orcid.org/0000-0001-6786-5453>), Nathan Russell [aut], Iñaki Ucar [aut] (ORCID: <https://orcid.org/0000-0001-6403-5550>), Doug Bates [aut] (ORCID: <https://orcid.org/0000-0001-8316-9503>), John Chambers [aut]",
      "Maintainer": "Dirk Eddelbuettel <edd@debian.org>",
      "Repository": "CRAN"
    },
    "RcppEigen": {
      "Package": "RcppEigen",
      "Version": "0.3.4.0.2",
      "Source": "Repository",
      "Type": "Package",
      "Title": "'Rcpp' Integration for the 'Eigen' Templated Linear Algebra Library",
      "Date": "2024-08-23",
      "Authors@R": "c(person(\"Doug\", \"Bates\", role = \"aut\", comment = c(ORCID = \"0000-0001-8316-9503\")), person(\"Dirk\", \"Eddelbuettel\", role = c(\"aut\", \"cre\"), email = \"edd@debian.org\", comment = c(ORCID = \"0000-0001-6419-907X\")), person(\"Romain\", \"Francois\", role = \"aut\", comment = c(ORCID = \"0000-0002-2444-4226\")), person(\"Yixuan\", \"Qiu\", role = \"aut\", comment = c(ORCID = \"0000-0003-0109-6692\")), person(\"Authors of\", \"Eigen\", role = \"cph\", comment = \"Authorship and copyright in included Eigen library as detailed in inst/COPYRIGHTS\"))",
      "Copyright": "See the file COPYRIGHTS for various Eigen copyright details",
      "Description": "R and 'Eigen' integration using 'Rcpp'. 'Eigen' is a C++ template library for linear algebra: matrices, vectors, numerical solvers and related algorithms.  It supports dense and sparse matrices on integer, floating point and complex numbers, decompositions of such matrices, and solutions of linear systems. Its performance on many algorithms is comparable with some of the best implementations based on 'Lapack' and level-3 'BLAS'. The 'RcppEigen' package includes the header files from the 'Eigen' C++ template library. Thus users do not need to install 'Eigen' itself in order to use 'RcppEigen'. Since version 3.1.1, 'Eigen' is licensed under the Mozilla Public License (version 2); earlier version were licensed under the GNU LGPL version 3 or later. 'RcppEigen' (the 'Rcpp' bindings/bridge to 'Eigen') is licensed under the GNU GPL version 2 or later, as is the rest of 'Rcpp'.",
      "License": "GPL (>= 2) | file LICENSE",
      "LazyLoad": "yes",
      "Depends": [
        "R (>= 3.6.0)"
      ],
      "LinkingTo": [
        "Rcpp"
      ],
      "Imports": [
        "Rcpp (>= 0.11.0)",
        "stats",
        "utils"
      ],
      "Suggests": [
        "Matrix",
        "inline",
        "tinytest",
        "pkgKitten",
        "microbenchmark"
      ],
      "URL": "https://github.com/RcppCore/RcppEigen, https://dirk.eddelbuettel.com/code/rcpp.eigen.html",
      "BugReports": "https://github.com/RcppCore/RcppEigen/issues",
      "NeedsCompilation": "yes",
      "Author": "Doug Bates [aut] (<https://orcid.org/0000-0001-8316-9503>), Dirk Eddelbuettel [aut, cre] (<https://orcid.org/0000-0001-6419-907X>), Romain Francois [aut] (<https://orcid.org/0000-0002-2444-4226>), Yixuan Qiu [aut] (<https://orcid.org/0000-0003-0109-6692>), Authors of Eigen [cph] (Authorship and copyright in included Eigen library as detailed in inst/COPYRIGHTS)",
      "Maintainer": "Dirk Eddelbuettel <edd@debian.org>",
      "Repository": "CRAN"
    },
    "codetools": {
      "Package": "codetools",
      "Version": "0.2-20",
      "Source": "Repository",
      "Priority": "recommended",
      "Author": "Luke Tierney <luke-tierney@uiowa.edu>",
      "Description": "Code analysis tools for R.",
      "Title": "Code Analysis Tools for R",
      "Depends": [
        "R (>= 2.1)"
      ],
      "Maintainer": "Luke Tierney <luke-tierney@uiowa.edu>",
      "URL": "https://gitlab.com/luke-tierney/codetools",
      "License": "GPL",
      "NeedsCompilation": "no",
      "Repository": "CRAN"
    },
    "foreach": {
      "Package": "foreach",
      "Version": "1.5.2",
      "Source": "Repository",
      "Type": "Package",
      "Title": "Provides Foreach Looping Construct",
      "Authors@R": "c(person(\"Folashade\", \"Daniel\", role=\"cre\", email=\"fdaniel@microsoft.com\"), person(\"Hong\", \"Ooi\", role=\"ctb\"), person(\"Rich\", \"Calaway\", role=\"ctb\"), person(\"Microsoft\", role=c(\"aut\", \"cph\")), person(\"Steve\", \"Weston\", role=\"aut\"))",
      "Description": "Support for the foreach looping construct.  Foreach is an idiom that allows for iterating over elements in a collection, without the use of an explicit loop counter.  This package in particular is intended to be used for its return value, rather than for its side effects.  In that sense, it is similar to the standard lapply function, but doesn't require the evaluation of a function.  Using foreach without side effects also facilitates executing the loop in parallel.",
      "License": "Apache License (== 2.0)",
      "URL": "https://github.com/RevolutionAnalytics/foreach",
      "BugReports": "https://github.com/RevolutionAnalytics/foreach/issues",
      "Depends": [
        "R (>= 2.5.0)"
      ],
      "Imports": [
        "codetools",
        "utils",
        "iterators"
      ],
      "Suggests": [
        "randomForest",
        "doMC",
        "doParallel",
        "testthat",
        "knitr",
        "rmarkdown"
      ],
      "VignetteBuilder": "knitr",
      "RoxygenNote": "7.1.1",
      "Collate": "'callCombine.R' 'foreach.R' 'do.R' 'foreach-ext.R' 'foreach-pkg.R' 'getDoPar.R' 'getDoSeq.R' 'getsyms.R' 'iter.R' 'nextElem.R' 'onLoad.R' 'setDoPar.R' 'setDoSeq.R' 'times.R' 'utils.R'",
      "NeedsCompilation": "no",
      "Author": "Folashade Daniel [cre], Hong Ooi [ctb], Rich Calaway [ctb], Microsoft [aut, cph], Steve Weston [aut]",
      "Maintainer": "Folashade Daniel <fdaniel@microsoft.com>",
      "Repository": "CRAN"
    },
    "glmnet": {
      "Package": "glmnet",
      "Version": "4.1-10",
      "Source": "Repository",
      "Type": "Package",
      "Title": "Lasso and Elastic-Net Regularized Generalized Linear Models",
      "Date": "2025-07-15",
      "Authors@R": "c(person(\"Jerome\", \"Friedman\", role=c(\"aut\")), person(\"Trevor\", \"Hastie\", role=c(\"aut\", \"cre\"), email = \"hastie@stanford.edu\"), person(\"Rob\", \"Tibshirani\", role=c(\"aut\")), person(\"Balasubramanian\", \"Narasimhan\", role=c(\"aut\")), person(\"Kenneth\",\"Tay\",role=c(\"aut\")), person(\"Noah\", \"Simon\", role=c(\"aut\")), person(\"Junyang\", \"Qian\", role=c(\"ctb\")), person(\"James\", \"Yang\", role=c(\"aut\")))",
      "Depends": [
        "R (>= 3.6.0)",
        "Matrix (>= 1.0-6)"
      ],
      "Imports": [
        "methods",
        "utils",
        "foreach",
        "shape",
        "survival",
        "Rcpp"
      ],
      "Suggests": [
        "knitr",
        "lars",
        "testthat",
        "xfun",
        "rmarkdown"
      ],
      "SystemRequirements": "C++17",
      "Description": "Extremely efficient procedures for fitting the entire lasso or elastic-net regularization path for linear regression, logistic and multinomial regression models, Poisson regression, Cox model,  multiple-response Gaussian, and the grouped multinomial regression; see <doi:10.18637/jss.v033.i01> and <doi:10.18637/jss.v039.i05>. There are two new and important additions. The family argument can be a GLM family object, which opens the door to any programmed family (<doi:10.18637/jss.v106.i01>). This comes with a modest computational cost, so when the built-in families suffice, they should be used instead.  The other novelty is the relax option, which refits each of the active sets in the path unpenalized. The algorithm uses cyclical coordinate descent in a path-wise fashion, as described in the papers cited.",
      "License": "GPL-2",
      "VignetteBuilder": "knitr",
      "Encoding": "UTF-8",
      "URL": "https://glmnet.stanford.edu",
      "RoxygenNote": "7.3.2",
      "LinkingTo": [
        "RcppEigen",
        "Rcpp"
      ],
      "NeedsCompilation": "yes",
      "Author": "Jerome Friedman [aut], Trevor Hastie [aut, cre], Rob Tibshirani [aut], Balasubramanian Narasimhan [aut], Kenneth Tay [aut], Noah Simon [aut], Junyang Qian [ctb], James Yang [aut]",
      "Maintainer": "Trevor Hastie <hastie@stanford.edu>",
      "Repository": "CRAN"
    },
    "iterators": {
      "Package": "iterators",
      "Version": "1.0.14",
      "Source": "Repository",
      "Type": "Package",
      "Title": "Provides Iterator Construct",
      "Authors@R": "c(person(\"Folashade\", \"Daniel\", role=\"cre\", email=\"fdaniel@microsoft.com\"), person(\"Revolution\", \"Analytics\", role=c(\"aut\", \"cph\")), person(\"Steve\", \"Weston\", role=\"aut\"))",
      "Description": "Support for iterators, which allow a programmer to traverse through all the elements of a vector, list, or other collection of data.",
      "URL": "https://github.com/RevolutionAnalytics/iterators",
      "Depends": [
        "R (>= 2.5.0)",
        "utils"
      ],
      "Suggests": [
        "RUnit",
        "foreach"
      ],
      "License": "Apache License (== 2.0)",
      "NeedsCompilation": "no",
      "Author": "Folashade Daniel [cre], Revolution Analytics [aut, cph], Steve Weston [aut]",
      "Maintainer": "Folashade Daniel <fdaniel@microsoft.com>",
      "Repository": "CRAN"
    },
    "lattice": {
      "Package": "lattice",
      "Version": "0.22-7",
      "Source": "Repository",
      "Date": "2025-03-31",
      "Priority": "recommended",
      "Title": "Trellis Graphics for R",
      "Authors@R": "c(person(\"Deepayan\", \"Sarkar\", role = c(\"aut\", \"cre\"), email = \"deepayan.sarkar@r-project.org\", comment = c(ORCID = \"0000-0003-4107-1553\")), person(\"Felix\", \"Andrews\", role = \"ctb\"), person(\"Kevin\", \"Wright\", role = \"ctb\", comment = \"documentation\"), person(\"Neil\", \"Klepeis\", role = \"ctb\"), person(\"Johan\", \"Larsson\", role = \"ctb\", comment = \"miscellaneous improvements\"), person(\"Zhijian (Jason)\", \"Wen\", role = \"cph\", comment = \"filled contour code\"), person(\"Paul\", \"Murrell\", role = \"ctb\", email = \"paul@stat.auckland.ac.nz\"), person(\"Stefan\", \"Eng\", role = \"ctb\", comment = \"violin plot improvements\"), person(\"Achim\", \"Zeileis\", role = \"ctb\", comment = \"modern colors\"), person(\"Alexandre\", \"Courtiol\", role = \"ctb\", comment = \"generics for larrows, lpolygon, lrect and lsegments\") )",
      "Description": "A powerful and elegant high-level data visualization system inspired by Trellis graphics, with an emphasis on multivariate data. Lattice is sufficient for typical graphics needs, and is also flexible enough to handle most nonstandard requirements. See ?Lattice for an introduction.",
      "Depends": [
        "R (>= 4.0.0)"
      ],
      "Suggests": [
        "KernSmooth",
        "MASS",
        "latticeExtra",
        "colorspace"
      ],
      "Imports": [
        "grid",
        "grDevices",
        "graphics",
        "stats",
        "utils"
      ],
      "Enhances": [
        "chron",
        "zoo"
      ],
      "LazyLoad": "yes",
      "LazyData": "yes",
      "License": "GPL (>= 2)",
      "URL": "https://lattice.r-forge.r-project.org/",
      "BugReports": "https://github.com/deepayan/lattice/issues",
      "NeedsCompilation": "yes",
      "Author": "Deepayan Sarkar [aut, cre] (<https://orcid.org/0000-0003-4107-1553>), Felix Andrews [ctb], Kevin Wright [ctb] (documentation), Neil Klepeis [ctb], Johan Larsson [ctb] (miscellaneous improvements), Zhijian (Jason) Wen [cph] (filled contour code), Paul Murrell [ctb], Stefan Eng [ctb] (violin plot improvements), Achim Zeileis [ctb] (modern colors), Alexandre Courtiol [ctb] (generics for larrows, lpolygon, lrect and lsegments)",
      "Maintainer": "Deepayan Sarkar <deepayan.sarkar@r-project.org>",
      "Repository": "CRAN"
    },
    "renv": {
      "Package": "renv",
      "Version": "1.2.3",
      "Source": "Repository",
      "Type": "Package",
      "Title": "Project Environments",
      "Authors@R": "c( person(\"Kevin\", \"Ushey\", role = c(\"aut\", \"cre\"), email = \"kevin@rstudio.com\", comment = c(ORCID = \"0000-0003-2880-7407\")), person(\"Hadley\", \"Wickham\", role = c(\"aut\"), email = \"hadley@rstudio.com\", comment = c(ORCID = \"0000-0003-4757-117X\")), person(\"Posit Software, PBC\", role = c(\"cph\", \"fnd\")) )",
      "Description": "A dependency management toolkit for R. Using 'renv', you can create and manage project-local R libraries, save the state of these libraries to a 'lockfile', and later restore your library as required. Together, these tools can help make your projects more isolated, portable, and reproducible.",
      "License": "MIT + file LICENSE",
      "URL": "https://rstudio.github.io/renv/, https://github.com/rstudio/renv",
      "BugReports": "https://github.com/rstudio/renv/issues",
      "Imports": [
        "utils"
      ],
      "Suggests": [
        "BiocManager",
        "cli",
        "compiler",
        "covr",
        "cpp11",
        "curl",
        "devtools",
        "generics",
        "gitcreds",
        "jsonlite",
        "jsonvalidate",
        "knitr",
        "miniUI",
        "modules",
        "packrat",
        "pak",
        "R6",
        "remotes",
        "reticulate",
        "rmarkdown",
        "rstudioapi",
        "shiny",
        "testthat",
        "uuid",
        "waldo",
        "yaml",
        "webfakes"
      ],
      "Encoding": "UTF-8",
      "RoxygenNote": "7.3.3",
      "VignetteBuilder": "knitr",
      "Config/Needs/website": "tidyverse/tidytemplate",
      "Config/testthat/edition": "3",
      "Config/testthat/parallel": "true",
      "Config/testthat/start-first": "bioconductor,python,install,restore,snapshot,retrieve,remotes",
      "NeedsCompilation": "no",
      "Author": "Kevin Ushey [aut, cre] (ORCID: <https://orcid.org/0000-0003-2880-7407>), Hadley Wickham [aut] (ORCID: <https://orcid.org/0000-0003-4757-117X>), Posit Software, PBC [cph, fnd]",
      "Maintainer": "Kevin Ushey <kevin@rstudio.com>",
      "Repository": "CRAN"
    },
    "shape": {
      "Package": "shape",
      "Version": "1.4.6.1",
      "Source": "Repository",
      "Title": "Functions for Plotting Graphical Shapes, Colors",
      "Author": "Karline Soetaert <karline.soetaert@nioz.nl>",
      "Maintainer": "Karline Soetaert <karline.soetaert@nioz.nl>",
      "Depends": [
        "R (>= 2.01)"
      ],
      "Imports": [
        "stats",
        "graphics",
        "grDevices"
      ],
      "Description": "Functions for plotting graphical shapes such as ellipses, circles, cylinders, arrows, ...",
      "License": "GPL (>= 3)",
      "NeedsCompilation": "no",
      "Repository": "CRAN"
    },
    "survival": {
      "Package": "survival",
      "Version": "3.8-3",
      "Source": "Repository",
      "Title": "Survival Analysis",
      "Priority": "recommended",
      "Date": "2024-12-17",
      "Depends": [
        "R (>= 3.5.0)"
      ],
      "Imports": [
        "graphics",
        "Matrix",
        "methods",
        "splines",
        "stats",
        "utils"
      ],
      "LazyData": "Yes",
      "LazyDataCompression": "xz",
      "ByteCompile": "Yes",
      "Authors@R": "c(person(c(\"Terry\", \"M\"), \"Therneau\", email=\"therneau.terry@mayo.edu\", role=c(\"aut\", \"cre\")), person(\"Thomas\", \"Lumley\", role=c(\"ctb\", \"trl\"), comment=\"original S->R port and R maintainer until 2009\"), person(\"Atkinson\", \"Elizabeth\", role=\"ctb\"), person(\"Crowson\", \"Cynthia\", role=\"ctb\"))",
      "Description": "Contains the core survival analysis routines, including definition of Surv objects,  Kaplan-Meier and Aalen-Johansen (multi-state) curves, Cox models, and parametric accelerated failure time models.",
      "License": "LGPL (>= 2)",
      "URL": "https://github.com/therneau/survival",
      "NeedsCompilation": "yes",
      "Author": "Terry M Therneau [aut, cre], Thomas Lumley [ctb, trl] (original S->R port and R maintainer until 2009), Atkinson Elizabeth [ctb], Crowson Cynthia [ctb]",
      "Maintainer": "Terry M Therneau <therneau.terry@mayo.edu>",
      "Repository": "CRAN"
    },
    "xtable": {
      "Package": "xtable",
      "Version": "1.8-8",
      "Source": "Repository",
      "Date": "2026-02-20",
      "Title": "Export Tables to LaTeX or HTML",
      "Authors@R": "c(person(\"David B.\", \"Dahl\", role=\"aut\"), person(\"David\", \"Scott\", role=c(\"aut\",\"cre\"), email=\"d.scott@auckland.ac.nz\"), person(\"Charles\", \"Roosen\", role=\"aut\"), person(\"Arni\", \"Magnusson\", role=\"aut\"), person(\"Jonathan\", \"Swinton\", role=\"aut\"), person(\"Ajay\", \"Shah\", role=\"ctb\"), person(\"Arne\", \"Henningsen\", role=\"ctb\"), person(\"Benno\", \"Puetz\", role=\"ctb\"), person(\"Bernhard\", \"Pfaff\", role=\"ctb\"), person(\"Claudio\", \"Agostinelli\", role=\"ctb\"), person(\"Claudius\", \"Loehnert\", role=\"ctb\"), person(\"David\", \"Mitchell\", role=\"ctb\"), person(\"David\", \"Whiting\", role=\"ctb\"), person(\"Fernando da\", \"Rosa\", role=\"ctb\"), person(\"Guido\", \"Gay\", role=\"ctb\"), person(\"Guido\", \"Schulz\", role=\"ctb\"), person(\"Ian\", \"Fellows\", role=\"ctb\"), person(\"Jeff\", \"Laake\", role=\"ctb\"), person(\"John\", \"Walker\", role=\"ctb\"), person(\"Jun\", \"Yan\", role=\"ctb\"), person(\"Liviu\", \"Andronic\", role=\"ctb\"), person(\"Markus\", \"Loecher\", role=\"ctb\"), person(\"Martin\", \"Gubri\", role=\"ctb\"), person(\"Matthieu\", \"Stigler\", role=\"ctb\"), person(\"Robert\", \"Castelo\", role=\"ctb\"), person(\"Seth\", \"Falcon\", role=\"ctb\"), person(\"Stefan\", \"Edwards\", role=\"ctb\"), person(\"Sven\", \"Garbade\", role=\"ctb\"), person(\"Uwe\", \"Ligges\", role=\"ctb\"))",
      "Maintainer": "David Scott <d.scott@auckland.ac.nz>",
      "Imports": [
        "stats",
        "utils",
        "methods"
      ],
      "Suggests": [
        "knitr",
        "zoo",
        "survival",
        "glue",
        "tinytex"
      ],
      "VignetteBuilder": "knitr",
      "Description": "Coerce data to LaTeX and HTML tables.",
      "URL": "http://xtable.r-forge.r-project.org/",
      "Depends": [
        "R (>= 2.10.0)"
      ],
      "License": "GPL (>= 2)",
      "Repository": "CRAN",
      "NeedsCompilation": "no",
      "Author": "David B. Dahl [aut], David Scott [aut, cre], Charles Roosen [aut], Arni Magnusson [aut], Jonathan Swinton [aut], Ajay Shah [ctb], Arne Henningsen [ctb], Benno Puetz [ctb], Bernhard Pfaff [ctb], Claudio Agostinelli [ctb], Claudius Loehnert [ctb], David Mitchell [ctb], David Whiting [ctb], Fernando da Rosa [ctb], Guido Gay [ctb], Guido Schulz [ctb], Ian Fellows [ctb], Jeff Laake [ctb], John Walker [ctb], Jun Yan [ctb], Liviu Andronic [ctb], Markus Loecher [ctb], Martin Gubri [ctb], Matthieu Stigler [ctb], Robert Castelo [ctb], Seth Falcon [ctb], Stefan Edwards [ctb], Sven Garbade [ctb], Uwe Ligges [ctb]"
    }
  }
}
